
Microsoft Visual Studio Solution File, Format Version 12.00
# Visual Studio 15
VisualStudioVersion = 15.0.28307.329
MinimumVisualStudioVersion = 10.0.40219.1
Project("{159641D6-6404-4A2A-AE62-294DE0FE8301}") = "Integration Services Project With AdvWorks2017DB", "Integration Services Project With AdvWorks2017DB\Integration Services Project With AdvWorks2017DB.dtproj", "{6340A25F-E574-48A3-AF56-EE447C81F22F}"
EndProject
Global
	GlobalSection(SolutionConfigurationPlatforms) = preSolution
		Development|Default = Development|Default
	EndGlobalSection
	GlobalSection(ProjectConfigurationPlatforms) = postSolution
		{6340A25F-E574-48A3-AF56-EE447C81F22F}.Development|Default.ActiveCfg = Development
		{6340A25F-E574-48A3-AF56-EE447C81F22F}.Development|Default.Build.0 = Development
	EndGlobalSection
	GlobalSection(SolutionProperties) = preSolution
		HideSolutionNode = FALSE
	EndGlobalSection
	GlobalSection(ExtensibilityGlobals) = postSolution
		SolutionGuid = {4971424D-0544-40D3-B29C-1D240EFFE4C2}
	EndGlobalSection
EndGlobal
